
Microsoft Visual Studio Solution File, Format Version 12.00
# Visual Studio 15
VisualStudioVersion = 15.0.28307.168
MinimumVisualStudioVersion = 10.0.40219.1
Project("{FAE04EC0-301F-11D3-BF4B-00C04F79EFBC}") = "USKT", "USKT\USKT.csproj", "{96AD6AB8-1B28-45E8-8A2A-351D443E204E}"
EndProject
Global
	GlobalSection(SolutionConfigurationPlatforms) = preSolution
		Debug|Any CPU = Debug|Any CPU
		Release|Any CPU = Release|Any CPU
	EndGlobalSection
	GlobalSection(ProjectConfigurationPlatforms) = postSolution
		{96AD6AB8-1B28-45E8-8A2A-351D443E204E}.Debug|Any CPU.ActiveCfg = Debug|Any CPU
		{96AD6AB8-1B28-45E8-8A2A-351D443E204E}.Debug|Any CPU.Build.0 = Debug|Any CPU
		{96AD6AB8-1B28-45E8-8A2A-351D443E204E}.Release|Any CPU.ActiveCfg = Release|Any CPU
		{96AD6AB8-1B28-45E8-8A2A-351D443E204E}.Release|Any CPU.Build.0 = Release|Any CPU
	EndGlobalSection
	GlobalSection(SolutionProperties) = preSolution
		HideSolutionNode = FALSE
	EndGlobalSection
	GlobalSection(ExtensibilityGlobals) = postSolution
		SolutionGuid = {7261F97D-17AE-45EF-A510-3AF98A99030C}
	EndGlobalSection
EndGlobal
